
Microsoft Visual Studio Solution File, Format Version 12.00
# Visual Studio Version 16
VisualStudioVersion = 16.0.31005.135
MinimumVisualStudioVersion = 10.0.40219.1
Project("{FAE04EC0-301F-11D3-BF4B-00C04F79EFBC}") = "DiscordBot", "DiscordBot\DiscordBot.csproj", "{82056A2D-D0EF-4BEB-8689-680E42277CDF}"
EndProject
Global
	GlobalSection(SolutionConfigurationPlatforms) = preSolution
		Debug|Any CPU = Debug|Any CPU
		Release|Any CPU = Release|Any CPU
	EndGlobalSection
	GlobalSection(ProjectConfigurationPlatforms) = postSolution
		{82056A2D-D0EF-4BEB-8689-680E42277CDF}.Debug|Any CPU.ActiveCfg = Debug|Any CPU
		{82056A2D-D0EF-4BEB-8689-680E42277CDF}.Debug|Any CPU.Build.0 = Debug|Any CPU
		{82056A2D-D0EF-4BEB-8689-680E42277CDF}.Release|Any CPU.ActiveCfg = Release|Any CPU
		{82056A2D-D0EF-4BEB-8689-680E42277CDF}.Release|Any CPU.Build.0 = Release|Any CPU
	EndGlobalSection
	GlobalSection(SolutionProperties) = preSolution
		HideSolutionNode = FALSE
	EndGlobalSection
	GlobalSection(ExtensibilityGlobals) = postSolution
		SolutionGuid = {B52F94D7-24EB-47B0-9688-E473467C2F9C}
	EndGlobalSection
EndGlobal
